github.com/ohler55/ojg v1.21.4 h1:2iWyz/xExx0XySVIxR9kWFxIdsLNrpWLrKuAcs5aOZU=
github.com/ohler55/ojg v1.21.4/go.mod h1:gQhDVpQLqrmnd2eqGAvJtn+NfKoYJbe/A4Sj3/Vro4o=
golang.org/x/text v0.14.0 h1:ScX5w1eTa3QqT8oi6+ziP7dTV1S2+ALU0bI+0zXKWiQ=
golang.org/x/text v0.14.0/go.mod h1:18ZOQIKpY8NJVqYksKHtTdi31H5itFRjB5/qKTNYzSU=
